
Microsoft Visual Studio Solution File, Format Version 12.00
# Visual Studio 2013
VisualStudioVersion = 12.0.21005.1
MinimumVisualStudioVersion = 10.0.40219.1
Project("{FAE04EC0-301F-11D3-BF4B-00C04F79EFBC}") = "HR", "HR\HR.csproj", "{C876D5D9-3007-46CC-8BEB-1CE1BF409D19}"
EndProject
Project("{FAE04EC0-301F-11D3-BF4B-00C04F79EFBC}") = "DataAccess", "DataAccess\DataAccess.csproj", "{A4CC5DE5-7D6C-48C3-B50A-A228A89D91D7}"
EndProject
Project("{FAE04EC0-301F-11D3-BF4B-00C04F79EFBC}") = "HrObjects", "HrObjects\HrObjects.csproj", "{B74F995A-F409-48B9-96FB-B4742A504647}"
EndProject
Global
	GlobalSection(SolutionConfigurationPlatforms) = preSolution
		Debug|Any CPU = Debug|Any CPU
		Release|Any CPU = Release|Any CPU
	EndGlobalSection
	GlobalSection(ProjectConfigurationPlatforms) = postSolution
		{C876D5D9-3007-46CC-8BEB-1CE1BF409D19}.Debug|Any CPU.ActiveCfg = Debug|Any CPU
		{C876D5D9-3007-46CC-8BEB-1CE1BF409D19}.Debug|Any CPU.Build.0 = Debug|Any CPU
		{C876D5D9-3007-46CC-8BEB-1CE1BF409D19}.Release|Any CPU.ActiveCfg = Release|Any CPU
		{C876D5D9-3007-46CC-8BEB-1CE1BF409D19}.Release|Any CPU.Build.0 = Release|Any CPU
		{A4CC5DE5-7D6C-48C3-B50A-A228A89D91D7}.Debug|Any CPU.ActiveCfg = Debug|Any CPU
		{A4CC5DE5-7D6C-48C3-B50A-A228A89D91D7}.Debug|Any CPU.Build.0 = Debug|Any CPU
		{A4CC5DE5-7D6C-48C3-B50A-A228A89D91D7}.Release|Any CPU.ActiveCfg = Release|Any CPU
		{A4CC5DE5-7D6C-48C3-B50A-A228A89D91D7}.Release|Any CPU.Build.0 = Release|Any CPU
		{B74F995A-F409-48B9-96FB-B4742A504647}.Debug|Any CPU.ActiveCfg = Debug|Any CPU
		{B74F995A-F409-48B9-96FB-B4742A504647}.Debug|Any CPU.Build.0 = Debug|Any CPU
		{B74F995A-F409-48B9-96FB-B4742A504647}.Release|Any CPU.ActiveCfg = Release|Any CPU
		{B74F995A-F409-48B9-96FB-B4742A504647}.Release|Any CPU.Build.0 = Release|Any CPU
	EndGlobalSection
	GlobalSection(SolutionProperties) = preSolution
		HideSolutionNode = FALSE
	EndGlobalSection
EndGlobal
